
Microsoft Visual Studio Solution File, Format Version 12.00
# Visual Studio 15
VisualStudioVersion = 15.0.27428.2015
MinimumVisualStudioVersion = 10.0.40219.1
Project("{FAE04EC0-301F-11D3-BF4B-00C04F79EFBC}") = "TPL Demo", "TPL Demo\TPL Demo.csproj", "{2A52113F-1256-4B90-99AF-060DE635548F}"
EndProject
Global
	GlobalSection(SolutionConfigurationPlatforms) = preSolution
		Debug|Any CPU = Debug|Any CPU
		Release|Any CPU = Release|Any CPU
	EndGlobalSection
	GlobalSection(ProjectConfigurationPlatforms) = postSolution
		{2A52113F-1256-4B90-99AF-060DE635548F}.Debug|Any CPU.ActiveCfg = Debug|Any CPU
		{2A52113F-1256-4B90-99AF-060DE635548F}.Debug|Any CPU.Build.0 = Debug|Any CPU
		{2A52113F-1256-4B90-99AF-060DE635548F}.Release|Any CPU.ActiveCfg = Release|Any CPU
		{2A52113F-1256-4B90-99AF-060DE635548F}.Release|Any CPU.Build.0 = Release|Any CPU
	EndGlobalSection
	GlobalSection(SolutionProperties) = preSolution
		HideSolutionNode = FALSE
	EndGlobalSection
	GlobalSection(ExtensibilityGlobals) = postSolution
		SolutionGuid = {962646B4-6703-4BAF-8AEB-C5A33096A975}
	EndGlobalSection
EndGlobal
